
Microsoft Visual Studio Solution File, Format Version 12.00
# Visual Studio Version 17
VisualStudioVersion = 17.7.34018.315
MinimumVisualStudioVersion = 10.0.40219.1
Project("{FAE04EC0-301F-11D3-BF4B-00C04F79EFBC}") = "CalendarApp", "CalendarApp\CalendarApp.csproj", "{B1559F87-7FF8-471A-AB83-B01F1FAE726C}"
EndProject
Global
	GlobalSection(SolutionConfigurationPlatforms) = preSolution
		Debug|Any CPU = Debug|Any CPU
		Release|Any CPU = Release|Any CPU
	EndGlobalSection
	GlobalSection(ProjectConfigurationPlatforms) = postSolution
		{B1559F87-7FF8-471A-AB83-B01F1FAE726C}.Debug|Any CPU.ActiveCfg = Debug|Any CPU
		{B1559F87-7FF8-471A-AB83-B01F1FAE726C}.Debug|Any CPU.Build.0 = Debug|Any CPU
		{B1559F87-7FF8-471A-AB83-B01F1FAE726C}.Release|Any CPU.ActiveCfg = Release|Any CPU
		{B1559F87-7FF8-471A-AB83-B01F1FAE726C}.Release|Any CPU.Build.0 = Release|Any CPU
	EndGlobalSection
	GlobalSection(SolutionProperties) = preSolution
		HideSolutionNode = FALSE
	EndGlobalSection
	GlobalSection(ExtensibilityGlobals) = postSolution
		SolutionGuid = {06B621D5-AF27-472B-AB02-582A71E382D8}
	EndGlobalSection
EndGlobal
